
Microsoft Visual Studio Solution File, Format Version 12.00
# Visual Studio Version 17
VisualStudioVersion = 17.13.35825.156 d17.13
MinimumVisualStudioVersion = 10.0.40219.1
Project("{FAE04EC0-301F-11D3-BF4B-00C04F79EFBC}") = "time", "time\time.csproj", "{B608FC74-C142-45CD-86FF-9EDC94A30FF3}"
EndProject
Global
	GlobalSection(SolutionConfigurationPlatforms) = preSolution
		Debug|Any CPU = Debug|Any CPU
		Release|Any CPU = Release|Any CPU
	EndGlobalSection
	GlobalSection(ProjectConfigurationPlatforms) = postSolution
		{B608FC74-C142-45CD-86FF-9EDC94A30FF3}.Debug|Any CPU.ActiveCfg = Debug|Any CPU
		{B608FC74-C142-45CD-86FF-9EDC94A30FF3}.Debug|Any CPU.Build.0 = Debug|Any CPU
		{B608FC74-C142-45CD-86FF-9EDC94A30FF3}.Release|Any CPU.ActiveCfg = Release|Any CPU
		{B608FC74-C142-45CD-86FF-9EDC94A30FF3}.Release|Any CPU.Build.0 = Release|Any CPU
	EndGlobalSection
	GlobalSection(SolutionProperties) = preSolution
		HideSolutionNode = FALSE
	EndGlobalSection
	GlobalSection(ExtensibilityGlobals) = postSolution
		SolutionGuid = {29CE79E1-9E90-40D5-8BD3-79B3DC4D6FC2}
	EndGlobalSection
EndGlobal
